
Microsoft Visual Studio Solution File, Format Version 12.00
# Visual Studio 15
VisualStudioVersion = 15.0.27130.2010
MinimumVisualStudioVersion = 10.0.40219.1
Project("{FAE04EC0-301F-11D3-BF4B-00C04F79EFBC}") = "LetMeRaid", "LetMeRaid\LetMeRaid.csproj", "{7DCBDC6B-BD6D-4C05-9F52-0FBB02AFBD6A}"
EndProject
Global
	GlobalSection(Performance) = preSolution
		HasPerformanceSessions = true
	EndGlobalSection
	GlobalSection(SolutionConfigurationPlatforms) = preSolution
		Debug|Any CPU = Debug|Any CPU
		Debug|x86 = Debug|x86
		Release|Any CPU = Release|Any CPU
		Release|x86 = Release|x86
	EndGlobalSection
	GlobalSection(ProjectConfigurationPlatforms) = postSolution
		{7DCBDC6B-BD6D-4C05-9F52-0FBB02AFBD6A}.Debug|Any CPU.ActiveCfg = Debug|Any CPU
		{7DCBDC6B-BD6D-4C05-9F52-0FBB02AFBD6A}.Debug|Any CPU.Build.0 = Debug|Any CPU
		{7DCBDC6B-BD6D-4C05-9F52-0FBB02AFBD6A}.Debug|x86.ActiveCfg = Debug|x86
		{7DCBDC6B-BD6D-4C05-9F52-0FBB02AFBD6A}.Debug|x86.Build.0 = Debug|x86
		{7DCBDC6B-BD6D-4C05-9F52-0FBB02AFBD6A}.Release|Any CPU.ActiveCfg = Release|Any CPU
		{7DCBDC6B-BD6D-4C05-9F52-0FBB02AFBD6A}.Release|Any CPU.Build.0 = Release|Any CPU
		{7DCBDC6B-BD6D-4C05-9F52-0FBB02AFBD6A}.Release|x86.ActiveCfg = Release|x86
		{7DCBDC6B-BD6D-4C05-9F52-0FBB02AFBD6A}.Release|x86.Build.0 = Release|x86
	EndGlobalSection
	GlobalSection(SolutionProperties) = preSolution
		HideSolutionNode = FALSE
	EndGlobalSection
	GlobalSection(ExtensibilityGlobals) = postSolution
		SolutionGuid = {A9AB35D4-F422-42E1-8643-2EB68B339DF3}
	EndGlobalSection
	GlobalSection(Performance) = preSolution
		HasPerformanceSessions = true
	EndGlobalSection
	GlobalSection(Performance) = preSolution
		HasPerformanceSessions = true
	EndGlobalSection
EndGlobal
